
Microsoft Visual Studio Solution File, Format Version 12.00
# Visual Studio Version 17
VisualStudioVersion = 17.7.34003.232
MinimumVisualStudioVersion = 10.0.40219.1
Project("{2150E333-8FDC-42A3-9474-1A3956D46DE8}") = "Services", "Services", "{6F893991-453B-4A06-9A05-E0AFDE00B126}"
EndProject
Project("{2150E333-8FDC-42A3-9474-1A3956D46DE8}") = "Catalog", "Catalog", "{FB1461DF-9E20-4F2C-A5A0-EB0525D399A7}"
EndProject
Project("{9A19103F-16F7-4668-BE54-9A1E7A4F7556}") = "Services.Catalog", "Services\Catalog\Services.Catalog\Services.Catalog.csproj", "{F9237093-B727-4E4F-8BA7-875E0396B891}"
EndProject
Project("{2150E333-8FDC-42A3-9474-1A3956D46DE8}") = "Solution Items", "Solution Items", "{4BCCC4C0-AEF6-43A2-AC95-EC2B43611B4E}"
	ProjectSection(SolutionItems) = preProject
		Ports.txt = Ports.txt
	EndProjectSection
EndProject
Project("{2150E333-8FDC-42A3-9474-1A3956D46DE8}") = "Shared", "Shared", "{C312FE86-4DEF-471C-ABE5-3E42C5104CCF}"
EndProject
Project("{9A19103F-16F7-4668-BE54-9A1E7A4F7556}") = "Shared", "Shared\Shared\Shared.csproj", "{33BC8248-A62F-484E-86C0-ABA0740CF3C6}"
EndProject
Project("{2150E333-8FDC-42A3-9474-1A3956D46DE8}") = "IdentityServer", "IdentityServer", "{2D7D4B89-0783-40E8-9620-9E2FD278F9F8}"
EndProject
Project("{9A19103F-16F7-4668-BE54-9A1E7A4F7556}") = "IdentityServer", "IdentityServer\IdentityServer\IdentityServer.csproj", "{8AA80069-418B-40E2-AF9F-49A732416ACE}"
EndProject
Project("{2150E333-8FDC-42A3-9474-1A3956D46DE8}") = "PhotoStock", "PhotoStock", "{343F6603-AEA6-4945-B3D5-01145229A0F8}"
EndProject
Project("{9A19103F-16F7-4668-BE54-9A1E7A4F7556}") = "Services.PhotoStock", "Services\PhotoStock\Services.PhotoStock\Services.PhotoStock.csproj", "{B505EA19-B164-4C89-BB81-78373C5AF31F}"
EndProject
Project("{2150E333-8FDC-42A3-9474-1A3956D46DE8}") = "Basket", "Basket", "{F3F01162-8FD3-4088-9D55-09B79E93FF3A}"
EndProject
Project("{9A19103F-16F7-4668-BE54-9A1E7A4F7556}") = "Services.Basket", "Services\Basket\Services.Basket\Services.Basket.csproj", "{37871748-2973-429B-8FC2-C0265A065205}"
EndProject
Project("{2150E333-8FDC-42A3-9474-1A3956D46DE8}") = "Discount", "Discount", "{CA9743E7-03DE-40B7-B9CC-443C2F76D7D9}"
EndProject
Project("{9A19103F-16F7-4668-BE54-9A1E7A4F7556}") = "Services.Discount", "Services\Discount\Services.Discount\Services.Discount.csproj", "{5FBB2F84-08A5-4D0F-B0A9-5729C789EC81}"
EndProject
Project("{2150E333-8FDC-42A3-9474-1A3956D46DE8}") = "Order", "Order", "{C876021F-671D-4578-8533-2EAA8DBD73F0}"
EndProject
Project("{9A19103F-16F7-4668-BE54-9A1E7A4F7556}") = "Services.Order.API", "Services\Order\Services.Order.API\Services.Order.API.csproj", "{4993425D-FDEA-40EF-8922-A0E48FA8CD9F}"
EndProject
Project("{9A19103F-16F7-4668-BE54-9A1E7A4F7556}") = "Services.Order.Application", "Services\Order\Services.Order.Application\Services.Order.Application.csproj", "{C047933B-46F4-44B9-824F-309358D03ACD}"
EndProject
Project("{9A19103F-16F7-4668-BE54-9A1E7A4F7556}") = "Services.Order.Domain", "Services\Order\Services.Order.Domain\Services.Order.Domain.csproj", "{961737CE-B325-459A-9131-9B5BE0EAF910}"
EndProject
Project("{9A19103F-16F7-4668-BE54-9A1E7A4F7556}") = "Services.Order.Domain.Core", "Services\Order\Services.Order.Domain.Core\Services.Order.Domain.Core.csproj", "{EA9DB6CF-DBF3-4D9E-8BCD-0FAB7598E11D}"
EndProject
Project("{9A19103F-16F7-4668-BE54-9A1E7A4F7556}") = "Services.Order.Infrastructure", "Services\Order\Services.Order.Infrastructure\Services.Order.Infrastructure.csproj", "{AF7359C5-E929-45F4-9AD6-783BE8600FC0}"
EndProject
Project("{2150E333-8FDC-42A3-9474-1A3956D46DE8}") = "Payment", "Payment", "{498483EF-A369-4216-ABFC-18C0B6AC8192}"
EndProject
Project("{9A19103F-16F7-4668-BE54-9A1E7A4F7556}") = "Services.Payment", "Services\Payment\Services.Payment\Services.Payment.csproj", "{3E6835D2-E082-43DF-BEAF-B96750E39C6F}"
EndProject
Project("{2150E333-8FDC-42A3-9474-1A3956D46DE8}") = "Gateways", "Gateways", "{ED85C3E1-2464-457C-A212-169032180FA9}"
EndProject
Project("{9A19103F-16F7-4668-BE54-9A1E7A4F7556}") = "Gateway", "Gateway\Gateway.csproj", "{A008AFD0-ECC5-4CB1-A893-2071CF50B7B1}"
EndProject
Project("{2150E333-8FDC-42A3-9474-1A3956D46DE8}") = "Frontends", "Frontends", "{5D93C88D-99D6-467F-A6B1-ECFDA3611BFE}"
EndProject
Project("{2150E333-8FDC-42A3-9474-1A3956D46DE8}") = "MVC", "MVC", "{70181E43-2F5C-4481-B3A7-DB4616F725A5}"
EndProject
Project("{9A19103F-16F7-4668-BE54-9A1E7A4F7556}") = "FreeCourse.Web", "Frontends\MVC\FreeCourse.Web.csproj", "{12252567-98AF-45AA-B206-F37A13ED41A5}"
EndProject
Global
	GlobalSection(SolutionConfigurationPlatforms) = preSolution
		Debug|Any CPU = Debug|Any CPU
		Release|Any CPU = Release|Any CPU
	EndGlobalSection
	GlobalSection(ProjectConfigurationPlatforms) = postSolution
		{F9237093-B727-4E4F-8BA7-875E0396B891}.Debug|Any CPU.ActiveCfg = Debug|Any CPU
		{F9237093-B727-4E4F-8BA7-875E0396B891}.Debug|Any CPU.Build.0 = Debug|Any CPU
		{F9237093-B727-4E4F-8BA7-875E0396B891}.Release|Any CPU.ActiveCfg = Release|Any CPU
		{F9237093-B727-4E4F-8BA7-875E0396B891}.Release|Any CPU.Build.0 = Release|Any CPU
		{33BC8248-A62F-484E-86C0-ABA0740CF3C6}.Debug|Any CPU.ActiveCfg = Debug|Any CPU
		{33BC8248-A62F-484E-86C0-ABA0740CF3C6}.Debug|Any CPU.Build.0 = Debug|Any CPU
		{33BC8248-A62F-484E-86C0-ABA0740CF3C6}.Release|Any CPU.ActiveCfg = Release|Any CPU
		{33BC8248-A62F-484E-86C0-ABA0740CF3C6}.Release|Any CPU.Build.0 = Release|Any CPU
		{8AA80069-418B-40E2-AF9F-49A732416ACE}.Debug|Any CPU.ActiveCfg = Debug|Any CPU
		{8AA80069-418B-40E2-AF9F-49A732416ACE}.Debug|Any CPU.Build.0 = Debug|Any CPU
		{8AA80069-418B-40E2-AF9F-49A732416ACE}.Release|Any CPU.ActiveCfg = Release|Any CPU
		{8AA80069-418B-40E2-AF9F-49A732416ACE}.Release|Any CPU.Build.0 = Release|Any CPU
		{B505EA19-B164-4C89-BB81-78373C5AF31F}.Debug|Any CPU.ActiveCfg = Debug|Any CPU
		{B505EA19-B164-4C89-BB81-78373C5AF31F}.Debug|Any CPU.Build.0 = Debug|Any CPU
		{B505EA19-B164-4C89-BB81-78373C5AF31F}.Release|Any CPU.ActiveCfg = Release|Any CPU
		{B505EA19-B164-4C89-BB81-78373C5AF31F}.Release|Any CPU.Build.0 = Release|Any CPU
		{37871748-2973-429B-8FC2-C0265A065205}.Debug|Any CPU.ActiveCfg = Debug|Any CPU
		{37871748-2973-429B-8FC2-C0265A065205}.Debug|Any CPU.Build.0 = Debug|Any CPU
		{37871748-2973-429B-8FC2-C0265A065205}.Release|Any CPU.ActiveCfg = Release|Any CPU
		{37871748-2973-429B-8FC2-C0265A065205}.Release|Any CPU.Build.0 = Release|Any CPU
		{5FBB2F84-08A5-4D0F-B0A9-5729C789EC81}.Debug|Any CPU.ActiveCfg = Debug|Any CPU
		{5FBB2F84-08A5-4D0F-B0A9-5729C789EC81}.Debug|Any CPU.Build.0 = Debug|Any CPU
		{5FBB2F84-08A5-4D0F-B0A9-5729C789EC81}.Release|Any CPU.ActiveCfg = Release|Any CPU
		{5FBB2F84-08A5-4D0F-B0A9-5729C789EC81}.Release|Any CPU.Build.0 = Release|Any CPU
		{4993425D-FDEA-40EF-8922-A0E48FA8CD9F}.Debug|Any CPU.ActiveCfg = Debug|Any CPU
		{4993425D-FDEA-40EF-8922-A0E48FA8CD9F}.Debug|Any CPU.Build.0 = Debug|Any CPU
		{4993425D-FDEA-40EF-8922-A0E48FA8CD9F}.Release|Any CPU.ActiveCfg = Release|Any CPU
		{4993425D-FDEA-40EF-8922-A0E48FA8CD9F}.Release|Any CPU.Build.0 = Release|Any CPU
		{C047933B-46F4-44B9-824F-309358D03ACD}.Debug|Any CPU.ActiveCfg = Debug|Any CPU
		{C047933B-46F4-44B9-824F-309358D03ACD}.Debug|Any CPU.Build.0 = Debug|Any CPU
		{C047933B-46F4-44B9-824F-309358D03ACD}.Release|Any CPU.ActiveCfg = Release|Any CPU
		{C047933B-46F4-44B9-824F-309358D03ACD}.Release|Any CPU.Build.0 = Release|Any CPU
		{961737CE-B325-459A-9131-9B5BE0EAF910}.Debug|Any CPU.ActiveCfg = Debug|Any CPU
		{961737CE-B325-459A-9131-9B5BE0EAF910}.Debug|Any CPU.Build.0 = Debug|Any CPU
		{961737CE-B325-459A-9131-9B5BE0EAF910}.Release|Any CPU.ActiveCfg = Release|Any CPU
		{961737CE-B325-459A-9131-9B5BE0EAF910}.Release|Any CPU.Build.0 = Release|Any CPU
		{EA9DB6CF-DBF3-4D9E-8BCD-0FAB7598E11D}.Debug|Any CPU.ActiveCfg = Debug|Any CPU
		{EA9DB6CF-DBF3-4D9E-8BCD-0FAB7598E11D}.Debug|Any CPU.Build.0 = Debug|Any CPU
		{EA9DB6CF-DBF3-4D9E-8BCD-0FAB7598E11D}.Release|Any CPU.ActiveCfg = Release|Any CPU
		{EA9DB6CF-DBF3-4D9E-8BCD-0FAB7598E11D}.Release|Any CPU.Build.0 = Release|Any CPU
		{AF7359C5-E929-45F4-9AD6-783BE8600FC0}.Debug|Any CPU.ActiveCfg = Debug|Any CPU
		{AF7359C5-E929-45F4-9AD6-783BE8600FC0}.Debug|Any CPU.Build.0 = Debug|Any CPU
		{AF7359C5-E929-45F4-9AD6-783BE8600FC0}.Release|Any CPU.ActiveCfg = Release|Any CPU
		{AF7359C5-E929-45F4-9AD6-783BE8600FC0}.Release|Any CPU.Build.0 = Release|Any CPU
		{3E6835D2-E082-43DF-BEAF-B96750E39C6F}.Debug|Any CPU.ActiveCfg = Debug|Any CPU
		{3E6835D2-E082-43DF-BEAF-B96750E39C6F}.Debug|Any CPU.Build.0 = Debug|Any CPU
		{3E6835D2-E082-43DF-BEAF-B96750E39C6F}.Release|Any CPU.ActiveCfg = Release|Any CPU
		{3E6835D2-E082-43DF-BEAF-B96750E39C6F}.Release|Any CPU.Build.0 = Release|Any CPU
		{A008AFD0-ECC5-4CB1-A893-2071CF50B7B1}.Debug|Any CPU.ActiveCfg = Debug|Any CPU
		{A008AFD0-ECC5-4CB1-A893-2071CF50B7B1}.Debug|Any CPU.Build.0 = Debug|Any CPU
		{A008AFD0-ECC5-4CB1-A893-2071CF50B7B1}.Release|Any CPU.ActiveCfg = Release|Any CPU
		{A008AFD0-ECC5-4CB1-A893-2071CF50B7B1}.Release|Any CPU.Build.0 = Release|Any CPU
		{12252567-98AF-45AA-B206-F37A13ED41A5}.Debug|Any CPU.ActiveCfg = Debug|Any CPU
		{12252567-98AF-45AA-B206-F37A13ED41A5}.Debug|Any CPU.Build.0 = Debug|Any CPU
		{12252567-98AF-45AA-B206-F37A13ED41A5}.Release|Any CPU.ActiveCfg = Release|Any CPU
		{12252567-98AF-45AA-B206-F37A13ED41A5}.Release|Any CPU.Build.0 = Release|Any CPU
	EndGlobalSection
	GlobalSection(SolutionProperties) = preSolution
		HideSolutionNode = FALSE
	EndGlobalSection
	GlobalSection(NestedProjects) = preSolution
		{FB1461DF-9E20-4F2C-A5A0-EB0525D399A7} = {6F893991-453B-4A06-9A05-E0AFDE00B126}
		{F9237093-B727-4E4F-8BA7-875E0396B891} = {FB1461DF-9E20-4F2C-A5A0-EB0525D399A7}
		{33BC8248-A62F-484E-86C0-ABA0740CF3C6} = {C312FE86-4DEF-471C-ABE5-3E42C5104CCF}
		{8AA80069-418B-40E2-AF9F-49A732416ACE} = {2D7D4B89-0783-40E8-9620-9E2FD278F9F8}
		{343F6603-AEA6-4945-B3D5-01145229A0F8} = {6F893991-453B-4A06-9A05-E0AFDE00B126}
		{B505EA19-B164-4C89-BB81-78373C5AF31F} = {343F6603-AEA6-4945-B3D5-01145229A0F8}
		{F3F01162-8FD3-4088-9D55-09B79E93FF3A} = {6F893991-453B-4A06-9A05-E0AFDE00B126}
		{37871748-2973-429B-8FC2-C0265A065205} = {F3F01162-8FD3-4088-9D55-09B79E93FF3A}
		{CA9743E7-03DE-40B7-B9CC-443C2F76D7D9} = {6F893991-453B-4A06-9A05-E0AFDE00B126}
		{5FBB2F84-08A5-4D0F-B0A9-5729C789EC81} = {CA9743E7-03DE-40B7-B9CC-443C2F76D7D9}
		{C876021F-671D-4578-8533-2EAA8DBD73F0} = {6F893991-453B-4A06-9A05-E0AFDE00B126}
		{4993425D-FDEA-40EF-8922-A0E48FA8CD9F} = {C876021F-671D-4578-8533-2EAA8DBD73F0}
		{C047933B-46F4-44B9-824F-309358D03ACD} = {C876021F-671D-4578-8533-2EAA8DBD73F0}
		{961737CE-B325-459A-9131-9B5BE0EAF910} = {C876021F-671D-4578-8533-2EAA8DBD73F0}
		{EA9DB6CF-DBF3-4D9E-8BCD-0FAB7598E11D} = {C876021F-671D-4578-8533-2EAA8DBD73F0}
		{AF7359C5-E929-45F4-9AD6-783BE8600FC0} = {C876021F-671D-4578-8533-2EAA8DBD73F0}
		{498483EF-A369-4216-ABFC-18C0B6AC8192} = {6F893991-453B-4A06-9A05-E0AFDE00B126}
		{3E6835D2-E082-43DF-BEAF-B96750E39C6F} = {498483EF-A369-4216-ABFC-18C0B6AC8192}
		{A008AFD0-ECC5-4CB1-A893-2071CF50B7B1} = {ED85C3E1-2464-457C-A212-169032180FA9}
		{70181E43-2F5C-4481-B3A7-DB4616F725A5} = {5D93C88D-99D6-467F-A6B1-ECFDA3611BFE}
		{12252567-98AF-45AA-B206-F37A13ED41A5} = {70181E43-2F5C-4481-B3A7-DB4616F725A5}
	EndGlobalSection
	GlobalSection(ExtensibilityGlobals) = postSolution
		SolutionGuid = {6D02CEA2-05CB-4BCA-A7DE-A58BA5960A35}
	EndGlobalSection
EndGlobal
